
Microsoft Visual Studio Solution File, Format Version 12.00
# Visual Studio 14
VisualStudioVersion = 14.0.23107.0
MinimumVisualStudioVersion = 10.0.40219.1
Project("{FAE04EC0-301F-11D3-BF4B-00C04F79EFBC}") = "NaMaE", "NaMaE\NaMaE.csproj", "{A3E339F2-95C9-4743-863E-C8DE7799250B}"
EndProject
Project("{FAE04EC0-301F-11D3-BF4B-00C04F79EFBC}") = "DataManager", "DataManager\DataManager.csproj", "{03ADE4EC-4DB6-4EB4-88A7-DB2D08C166B8}"
EndProject
Project("{FAE04EC0-301F-11D3-BF4B-00C04F79EFBC}") = "SesionManager", "SesionManager\SesionManager.csproj", "{29DFBA17-AA88-4742-837E-DF6327F86886}"
EndProject
Project("{FAE04EC0-301F-11D3-BF4B-00C04F79EFBC}") = "CacheManager", "CacheManager\CacheManager.csproj", "{DBBFBA2B-042B-4C22-B515-BEFEA1853FEE}"
EndProject
Project("{FAE04EC0-301F-11D3-BF4B-00C04F79EFBC}") = "General", "General\General.csproj", "{BBF35E0C-0FFD-475A-A220-AE86B3DBF3FE}"
EndProject
Project("{FAE04EC0-301F-11D3-BF4B-00C04F79EFBC}") = "GradosYSecciones", "GradosYSecciones\GradosYSecciones.csproj", "{1F5D9336-9B89-4CD3-ADC5-20717CE5F4EE}"
EndProject
Project("{FAE04EC0-301F-11D3-BF4B-00C04F79EFBC}") = "ResponsablesYEstudiantes", "ResponsablesYEstudiantes\ResponsablesYEstudiantes.csproj", "{71C822A6-4043-4B80-B4C6-C3A4D0D742FB}"
EndProject
Project("{FAE04EC0-301F-11D3-BF4B-00C04F79EFBC}") = "Materias", "Materias\Materias.csproj", "{03446EDD-5AC6-410E-AAE2-37574580E300}"
EndProject
Project("{FAE04EC0-301F-11D3-BF4B-00C04F79EFBC}") = "Matriculas", "Matriculas\Matriculas.csproj", "{5F43F3EA-ECC3-45B8-8112-4E10F4CC2396}"
EndProject
Project("{FAE04EC0-301F-11D3-BF4B-00C04F79EFBC}") = "Notas", "Notas\Notas.csproj", "{1347C30D-0E9A-471B-AE08-930DBD8C312B}"
EndProject
Project("{FAE04EC0-301F-11D3-BF4B-00C04F79EFBC}") = "Informes", "Informes\Informes.csproj", "{08009E3B-ED78-426A-95B7-28F6D9FE59C0}"
EndProject
Global
	GlobalSection(SolutionConfigurationPlatforms) = preSolution
		Debug|Any CPU = Debug|Any CPU
		Release|Any CPU = Release|Any CPU
	EndGlobalSection
	GlobalSection(ProjectConfigurationPlatforms) = postSolution
		{A3E339F2-95C9-4743-863E-C8DE7799250B}.Debug|Any CPU.ActiveCfg = Debug|Any CPU
		{A3E339F2-95C9-4743-863E-C8DE7799250B}.Debug|Any CPU.Build.0 = Debug|Any CPU
		{A3E339F2-95C9-4743-863E-C8DE7799250B}.Release|Any CPU.ActiveCfg = Release|Any CPU
		{A3E339F2-95C9-4743-863E-C8DE7799250B}.Release|Any CPU.Build.0 = Release|Any CPU
		{03ADE4EC-4DB6-4EB4-88A7-DB2D08C166B8}.Debug|Any CPU.ActiveCfg = Debug|Any CPU
		{03ADE4EC-4DB6-4EB4-88A7-DB2D08C166B8}.Debug|Any CPU.Build.0 = Debug|Any CPU
		{03ADE4EC-4DB6-4EB4-88A7-DB2D08C166B8}.Release|Any CPU.ActiveCfg = Release|Any CPU
		{03ADE4EC-4DB6-4EB4-88A7-DB2D08C166B8}.Release|Any CPU.Build.0 = Release|Any CPU
		{29DFBA17-AA88-4742-837E-DF6327F86886}.Debug|Any CPU.ActiveCfg = Debug|Any CPU
		{29DFBA17-AA88-4742-837E-DF6327F86886}.Debug|Any CPU.Build.0 = Debug|Any CPU
		{29DFBA17-AA88-4742-837E-DF6327F86886}.Release|Any CPU.ActiveCfg = Release|Any CPU
		{29DFBA17-AA88-4742-837E-DF6327F86886}.Release|Any CPU.Build.0 = Release|Any CPU
		{DBBFBA2B-042B-4C22-B515-BEFEA1853FEE}.Debug|Any CPU.ActiveCfg = Debug|Any CPU
		{DBBFBA2B-042B-4C22-B515-BEFEA1853FEE}.Debug|Any CPU.Build.0 = Debug|Any CPU
		{DBBFBA2B-042B-4C22-B515-BEFEA1853FEE}.Release|Any CPU.ActiveCfg = Release|Any CPU
		{DBBFBA2B-042B-4C22-B515-BEFEA1853FEE}.Release|Any CPU.Build.0 = Release|Any CPU
		{BBF35E0C-0FFD-475A-A220-AE86B3DBF3FE}.Debug|Any CPU.ActiveCfg = Debug|Any CPU
		{BBF35E0C-0FFD-475A-A220-AE86B3DBF3FE}.Debug|Any CPU.Build.0 = Debug|Any CPU
		{BBF35E0C-0FFD-475A-A220-AE86B3DBF3FE}.Release|Any CPU.ActiveCfg = Release|Any CPU
		{BBF35E0C-0FFD-475A-A220-AE86B3DBF3FE}.Release|Any CPU.Build.0 = Release|Any CPU
		{1F5D9336-9B89-4CD3-ADC5-20717CE5F4EE}.Debug|Any CPU.ActiveCfg = Debug|Any CPU
		{1F5D9336-9B89-4CD3-ADC5-20717CE5F4EE}.Debug|Any CPU.Build.0 = Debug|Any CPU
		{1F5D9336-9B89-4CD3-ADC5-20717CE5F4EE}.Release|Any CPU.ActiveCfg = Release|Any CPU
		{1F5D9336-9B89-4CD3-ADC5-20717CE5F4EE}.Release|Any CPU.Build.0 = Release|Any CPU
		{71C822A6-4043-4B80-B4C6-C3A4D0D742FB}.Debug|Any CPU.ActiveCfg = Debug|Any CPU
		{71C822A6-4043-4B80-B4C6-C3A4D0D742FB}.Debug|Any CPU.Build.0 = Debug|Any CPU
		{71C822A6-4043-4B80-B4C6-C3A4D0D742FB}.Release|Any CPU.ActiveCfg = Release|Any CPU
		{71C822A6-4043-4B80-B4C6-C3A4D0D742FB}.Release|Any CPU.Build.0 = Release|Any CPU
		{03446EDD-5AC6-410E-AAE2-37574580E300}.Debug|Any CPU.ActiveCfg = Debug|Any CPU
		{03446EDD-5AC6-410E-AAE2-37574580E300}.Debug|Any CPU.Build.0 = Debug|Any CPU
		{03446EDD-5AC6-410E-AAE2-37574580E300}.Release|Any CPU.ActiveCfg = Release|Any CPU
		{03446EDD-5AC6-410E-AAE2-37574580E300}.Release|Any CPU.Build.0 = Release|Any CPU
		{5F43F3EA-ECC3-45B8-8112-4E10F4CC2396}.Debug|Any CPU.ActiveCfg = Debug|Any CPU
		{5F43F3EA-ECC3-45B8-8112-4E10F4CC2396}.Debug|Any CPU.Build.0 = Debug|Any CPU
		{5F43F3EA-ECC3-45B8-8112-4E10F4CC2396}.Release|Any CPU.ActiveCfg = Release|Any CPU
		{5F43F3EA-ECC3-45B8-8112-4E10F4CC2396}.Release|Any CPU.Build.0 = Release|Any CPU
		{1347C30D-0E9A-471B-AE08-930DBD8C312B}.Debug|Any CPU.ActiveCfg = Debug|Any CPU
		{1347C30D-0E9A-471B-AE08-930DBD8C312B}.Debug|Any CPU.Build.0 = Debug|Any CPU
		{1347C30D-0E9A-471B-AE08-930DBD8C312B}.Release|Any CPU.ActiveCfg = Release|Any CPU
		{1347C30D-0E9A-471B-AE08-930DBD8C312B}.Release|Any CPU.Build.0 = Release|Any CPU
		{08009E3B-ED78-426A-95B7-28F6D9FE59C0}.Debug|Any CPU.ActiveCfg = Debug|Any CPU
		{08009E3B-ED78-426A-95B7-28F6D9FE59C0}.Debug|Any CPU.Build.0 = Debug|Any CPU
		{08009E3B-ED78-426A-95B7-28F6D9FE59C0}.Release|Any CPU.ActiveCfg = Release|Any CPU
		{08009E3B-ED78-426A-95B7-28F6D9FE59C0}.Release|Any CPU.Build.0 = Release|Any CPU
	EndGlobalSection
	GlobalSection(SolutionProperties) = preSolution
		HideSolutionNode = FALSE
	EndGlobalSection
EndGlobal
